
Microsoft Visual Studio Solution File, Format Version 12.00
# Visual Studio Version 17
VisualStudioVersion = 17.0.31903.59
MinimumVisualStudioVersion = 10.0.40219.1
Project("{2150E333-8FDC-42A3-9474-1A3956D46DE8}") = "src", "src", "{827E0CD3-B72D-47B6-A68D-7590B98EB39B}"
EndProject
Project("{FAE04EC0-301F-11D3-BF4B-00C04F79EFBC}") = "Jellyfin.Plugin.OnDemand", "src\Jellyfin.Plugin.OnDemand\Jellyfin.Plugin.OnDemand.csproj", "{D6219155-FCBB-407A-88F3-87C42CFF5EC8}"
EndProject
Project("{FAE04EC0-301F-11D3-BF4B-00C04F79EFBC}") = "Jellyfin.Plugin.OnDemand.Tests", "tests\Jellyfin.Plugin.OnDemand.Tests\Jellyfin.Plugin.OnDemand.Tests.csproj", "{BEB016DC-5BE3-4F2A-BD11-E5FE7CD75193}"
EndProject
Global
	GlobalSection(SolutionConfigurationPlatforms) = preSolution
		Debug|Any CPU = Debug|Any CPU
		Debug|x64 = Debug|x64
		Debug|x86 = Debug|x86
		Release|Any CPU = Release|Any CPU
		Release|x64 = Release|x64
		Release|x86 = Release|x86
	EndGlobalSection
	GlobalSection(ProjectConfigurationPlatforms) = postSolution
		{D6219155-FCBB-407A-88F3-87C42CFF5EC8}.Debug|Any CPU.ActiveCfg = Debug|Any CPU
		{D6219155-FCBB-407A-88F3-87C42CFF5EC8}.Debug|Any CPU.Build.0 = Debug|Any CPU
		{D6219155-FCBB-407A-88F3-87C42CFF5EC8}.Debug|x64.ActiveCfg = Debug|Any CPU
		{D6219155-FCBB-407A-88F3-87C42CFF5EC8}.Debug|x64.Build.0 = Debug|Any CPU
		{D6219155-FCBB-407A-88F3-87C42CFF5EC8}.Debug|x86.ActiveCfg = Debug|Any CPU
		{D6219155-FCBB-407A-88F3-87C42CFF5EC8}.Debug|x86.Build.0 = Debug|Any CPU
		{D6219155-FCBB-407A-88F3-87C42CFF5EC8}.Release|Any CPU.ActiveCfg = Release|Any CPU
		{D6219155-FCBB-407A-88F3-87C42CFF5EC8}.Release|Any CPU.Build.0 = Release|Any CPU
		{D6219155-FCBB-407A-88F3-87C42CFF5EC8}.Release|x64.ActiveCfg = Release|Any CPU
		{D6219155-FCBB-407A-88F3-87C42CFF5EC8}.Release|x64.Build.0 = Release|Any CPU
		{D6219155-FCBB-407A-88F3-87C42CFF5EC8}.Release|x86.ActiveCfg = Release|Any CPU
		{D6219155-FCBB-407A-88F3-87C42CFF5EC8}.Release|x86.Build.0 = Release|Any CPU
		{BEB016DC-5BE3-4F2A-BD11-E5FE7CD75193}.Debug|Any CPU.ActiveCfg = Debug|Any CPU
		{BEB016DC-5BE3-4F2A-BD11-E5FE7CD75193}.Debug|Any CPU.Build.0 = Debug|Any CPU
		{BEB016DC-5BE3-4F2A-BD11-E5FE7CD75193}.Debug|x64.ActiveCfg = Debug|Any CPU
		{BEB016DC-5BE3-4F2A-BD11-E5FE7CD75193}.Debug|x64.Build.0 = Debug|Any CPU
		{BEB016DC-5BE3-4F2A-BD11-E5FE7CD75193}.Debug|x86.ActiveCfg = Debug|Any CPU
		{BEB016DC-5BE3-4F2A-BD11-E5FE7CD75193}.Debug|x86.Build.0 = Debug|Any CPU
		{BEB016DC-5BE3-4F2A-BD11-E5FE7CD75193}.Release|Any CPU.ActiveCfg = Release|Any CPU
		{BEB016DC-5BE3-4F2A-BD11-E5FE7CD75193}.Release|Any CPU.Build.0 = Release|Any CPU
		{BEB016DC-5BE3-4F2A-BD11-E5FE7CD75193}.Release|x64.ActiveCfg = Release|Any CPU
		{BEB016DC-5BE3-4F2A-BD11-E5FE7CD75193}.Release|x64.Build.0 = Release|Any CPU
		{BEB016DC-5BE3-4F2A-BD11-E5FE7CD75193}.Release|x86.ActiveCfg = Release|Any CPU
		{BEB016DC-5BE3-4F2A-BD11-E5FE7CD75193}.Release|x86.Build.0 = Release|Any CPU
	EndGlobalSection
	GlobalSection(SolutionProperties) = preSolution
		HideSolutionNode = FALSE
	EndGlobalSection
	GlobalSection(NestedProjects) = preSolution
		{D6219155-FCBB-407A-88F3-87C42CFF5EC8} = {827E0CD3-B72D-47B6-A68D-7590B98EB39B}
		{BEB016DC-5BE3-4F2A-BD11-E5FE7CD75193} = {827E0CD3-B72D-47B6-A68D-7590B98EB39B}
	EndGlobalSection
EndGlobal
